
Microsoft Visual Studio Solution File, Format Version 12.00
# Visual Studio Version 17
VisualStudioVersion = 17.14.36109.1
MinimumVisualStudioVersion = 10.0.40219.1
Project("{FAE04EC0-301F-11D3-BF4B-00C04F79EFBC}") = "Moritz", "Moritz\Moritz.csproj", "{CBB8FEBC-D839-47F4-88CA-B2811388501E}"
EndProject
Project("{FAE04EC0-301F-11D3-BF4B-00C04F79EFBC}") = "Krystals5Application", "Krystals5Application\Krystals5Application.csproj", "{67498EFF-3E44-1C6A-A43B-14D11B37E71B}"
EndProject
Project("{FAE04EC0-301F-11D3-BF4B-00C04F79EFBC}") = "Krystals5ControlLibrary", "Krystals5ControlLibrary\Krystals5ControlLibrary.csproj", "{A86BCE36-1B5D-D237-C883-8A4985F0EAE6}"
EndProject
Project("{FAE04EC0-301F-11D3-BF4B-00C04F79EFBC}") = "Krystals5ObjectLibrary", "Krystals5ObjectLibrary\Krystals5ObjectLibrary.csproj", "{94B03D7B-D28B-DCCA-45AF-721EB8CAE10C}"
EndProject
Project("{FAE04EC0-301F-11D3-BF4B-00C04F79EFBC}") = "KrystalUtilitiesApp", "KrystalUtilitiesApp\KrystalUtilitiesApp.csproj", "{C9159BB5-1F2D-A521-02A3-11C18466E1E0}"
EndProject
Project("{FAE04EC0-301F-11D3-BF4B-00C04F79EFBC}") = "Moritz.Algorithm", "Moritz.Algorithm\Moritz.Algorithm.csproj", "{142A3D70-67D5-DA75-2B18-7BEF26CFEEBF}"
EndProject
Project("{FAE04EC0-301F-11D3-BF4B-00C04F79EFBC}") = "Moritz.Composer", "Moritz.Composer\Moritz.Composer.csproj", "{C71B80CE-63F8-2800-322B-0F8EF6DCC032}"
EndProject
Project("{FAE04EC0-301F-11D3-BF4B-00C04F79EFBC}") = "Moritz.Globals", "Moritz.Globals\Moritz.Globals.csproj", "{E63C4A18-7F06-C796-C70C-CC8EF9EAA61C}"
EndProject
Project("{FAE04EC0-301F-11D3-BF4B-00C04F79EFBC}") = "Moritz.Spec", "Moritz.Spec\Moritz.Spec.csproj", "{4E7EADD8-85E8-6524-595E-F33ED2810AFF}"
EndProject
Project("{FAE04EC0-301F-11D3-BF4B-00C04F79EFBC}") = "Moritz.Symbols", "Moritz.Symbols\Moritz.Symbols.csproj", "{2D4DCC56-07D7-67E4-E701-02B6755915FB}"
EndProject
Project("{FAE04EC0-301F-11D3-BF4B-00C04F79EFBC}") = "Moritz.Xml", "Moritz.Xml\Moritz.Xml.csproj", "{1618D039-7148-6244-92B9-4170E4551E68}"
EndProject
Global
	GlobalSection(SolutionConfigurationPlatforms) = preSolution
		Debug|Any CPU = Debug|Any CPU
		Release|Any CPU = Release|Any CPU
	EndGlobalSection
	GlobalSection(ProjectConfigurationPlatforms) = postSolution
		{CBB8FEBC-D839-47F4-88CA-B2811388501E}.Debug|Any CPU.ActiveCfg = Debug|Any CPU
		{CBB8FEBC-D839-47F4-88CA-B2811388501E}.Debug|Any CPU.Build.0 = Debug|Any CPU
		{CBB8FEBC-D839-47F4-88CA-B2811388501E}.Release|Any CPU.ActiveCfg = Release|Any CPU
		{CBB8FEBC-D839-47F4-88CA-B2811388501E}.Release|Any CPU.Build.0 = Release|Any CPU
		{67498EFF-3E44-1C6A-A43B-14D11B37E71B}.Debug|Any CPU.ActiveCfg = Debug|Any CPU
		{67498EFF-3E44-1C6A-A43B-14D11B37E71B}.Debug|Any CPU.Build.0 = Debug|Any CPU
		{67498EFF-3E44-1C6A-A43B-14D11B37E71B}.Release|Any CPU.ActiveCfg = Release|Any CPU
		{67498EFF-3E44-1C6A-A43B-14D11B37E71B}.Release|Any CPU.Build.0 = Release|Any CPU
		{A86BCE36-1B5D-D237-C883-8A4985F0EAE6}.Debug|Any CPU.ActiveCfg = Debug|Any CPU
		{A86BCE36-1B5D-D237-C883-8A4985F0EAE6}.Debug|Any CPU.Build.0 = Debug|Any CPU
		{A86BCE36-1B5D-D237-C883-8A4985F0EAE6}.Release|Any CPU.ActiveCfg = Release|Any CPU
		{A86BCE36-1B5D-D237-C883-8A4985F0EAE6}.Release|Any CPU.Build.0 = Release|Any CPU
		{94B03D7B-D28B-DCCA-45AF-721EB8CAE10C}.Debug|Any CPU.ActiveCfg = Debug|Any CPU
		{94B03D7B-D28B-DCCA-45AF-721EB8CAE10C}.Debug|Any CPU.Build.0 = Debug|Any CPU
		{94B03D7B-D28B-DCCA-45AF-721EB8CAE10C}.Release|Any CPU.ActiveCfg = Release|Any CPU
		{94B03D7B-D28B-DCCA-45AF-721EB8CAE10C}.Release|Any CPU.Build.0 = Release|Any CPU
		{C9159BB5-1F2D-A521-02A3-11C18466E1E0}.Debug|Any CPU.ActiveCfg = Debug|Any CPU
		{C9159BB5-1F2D-A521-02A3-11C18466E1E0}.Debug|Any CPU.Build.0 = Debug|Any CPU
		{C9159BB5-1F2D-A521-02A3-11C18466E1E0}.Release|Any CPU.ActiveCfg = Release|Any CPU
		{C9159BB5-1F2D-A521-02A3-11C18466E1E0}.Release|Any CPU.Build.0 = Release|Any CPU
		{142A3D70-67D5-DA75-2B18-7BEF26CFEEBF}.Debug|Any CPU.ActiveCfg = Debug|Any CPU
		{142A3D70-67D5-DA75-2B18-7BEF26CFEEBF}.Debug|Any CPU.Build.0 = Debug|Any CPU
		{142A3D70-67D5-DA75-2B18-7BEF26CFEEBF}.Release|Any CPU.ActiveCfg = Release|Any CPU
		{142A3D70-67D5-DA75-2B18-7BEF26CFEEBF}.Release|Any CPU.Build.0 = Release|Any CPU
		{C71B80CE-63F8-2800-322B-0F8EF6DCC032}.Debug|Any CPU.ActiveCfg = Debug|Any CPU
		{C71B80CE-63F8-2800-322B-0F8EF6DCC032}.Debug|Any CPU.Build.0 = Debug|Any CPU
		{C71B80CE-63F8-2800-322B-0F8EF6DCC032}.Release|Any CPU.ActiveCfg = Release|Any CPU
		{C71B80CE-63F8-2800-322B-0F8EF6DCC032}.Release|Any CPU.Build.0 = Release|Any CPU
		{E63C4A18-7F06-C796-C70C-CC8EF9EAA61C}.Debug|Any CPU.ActiveCfg = Debug|Any CPU
		{E63C4A18-7F06-C796-C70C-CC8EF9EAA61C}.Debug|Any CPU.Build.0 = Debug|Any CPU
		{E63C4A18-7F06-C796-C70C-CC8EF9EAA61C}.Release|Any CPU.ActiveCfg = Release|Any CPU
		{E63C4A18-7F06-C796-C70C-CC8EF9EAA61C}.Release|Any CPU.Build.0 = Release|Any CPU
		{4E7EADD8-85E8-6524-595E-F33ED2810AFF}.Debug|Any CPU.ActiveCfg = Debug|Any CPU
		{4E7EADD8-85E8-6524-595E-F33ED2810AFF}.Debug|Any CPU.Build.0 = Debug|Any CPU
		{4E7EADD8-85E8-6524-595E-F33ED2810AFF}.Release|Any CPU.ActiveCfg = Release|Any CPU
		{4E7EADD8-85E8-6524-595E-F33ED2810AFF}.Release|Any CPU.Build.0 = Release|Any CPU
		{2D4DCC56-07D7-67E4-E701-02B6755915FB}.Debug|Any CPU.ActiveCfg = Debug|Any CPU
		{2D4DCC56-07D7-67E4-E701-02B6755915FB}.Debug|Any CPU.Build.0 = Debug|Any CPU
		{2D4DCC56-07D7-67E4-E701-02B6755915FB}.Release|Any CPU.ActiveCfg = Release|Any CPU
		{2D4DCC56-07D7-67E4-E701-02B6755915FB}.Release|Any CPU.Build.0 = Release|Any CPU
		{1618D039-7148-6244-92B9-4170E4551E68}.Debug|Any CPU.ActiveCfg = Debug|Any CPU
		{1618D039-7148-6244-92B9-4170E4551E68}.Debug|Any CPU.Build.0 = Debug|Any CPU
		{1618D039-7148-6244-92B9-4170E4551E68}.Release|Any CPU.ActiveCfg = Release|Any CPU
		{1618D039-7148-6244-92B9-4170E4551E68}.Release|Any CPU.Build.0 = Release|Any CPU
	EndGlobalSection
	GlobalSection(SolutionProperties) = preSolution
		HideSolutionNode = FALSE
	EndGlobalSection
	GlobalSection(ExtensibilityGlobals) = postSolution
		SolutionGuid = {B7EE1335-8E26-499E-8C59-41FBC4FD003F}
	EndGlobalSection
EndGlobal
